
Microsoft Visual Studio Solution File, Format Version 12.00
# Visual Studio Version 16
VisualStudioVersion = 16.0.31829.152
MinimumVisualStudioVersion = 10.0.40219.1
Project("{8BC9CEB8-8B4A-11D0-8D11-00A0C91BC942}") = "Rendering", "Rendering\Rendering.vcxproj", "{14C8BEF5-B4C5-4818-94E8-8D07AB09B54E}"
EndProject
Project("{8BC9CEB8-8B4A-11D0-8D11-00A0C91BC942}") = "FOOFSE", "FOOFSE\FOOFSE.vcxproj", "{CC479AAD-AE6E-4AE7-B03A-76150E058452}"
EndProject
Global
	GlobalSection(SolutionConfigurationPlatforms) = preSolution
		Debug|x64 = Debug|x64
		Debug|x86 = Debug|x86
		Release|x64 = Release|x64
		Release|x86 = Release|x86
	EndGlobalSection
	GlobalSection(ProjectConfigurationPlatforms) = postSolution
		{14C8BEF5-B4C5-4818-94E8-8D07AB09B54E}.Debug|x64.ActiveCfg = Debug|x64
		{14C8BEF5-B4C5-4818-94E8-8D07AB09B54E}.Debug|x64.Build.0 = Debug|x64
		{14C8BEF5-B4C5-4818-94E8-8D07AB09B54E}.Debug|x86.ActiveCfg = Debug|Win32
		{14C8BEF5-B4C5-4818-94E8-8D07AB09B54E}.Debug|x86.Build.0 = Debug|Win32
		{14C8BEF5-B4C5-4818-94E8-8D07AB09B54E}.Release|x64.ActiveCfg = Release|x64
		{14C8BEF5-B4C5-4818-94E8-8D07AB09B54E}.Release|x64.Build.0 = Release|x64
		{14C8BEF5-B4C5-4818-94E8-8D07AB09B54E}.Release|x86.ActiveCfg = Release|Win32
		{14C8BEF5-B4C5-4818-94E8-8D07AB09B54E}.Release|x86.Build.0 = Release|Win32
		{CC479AAD-AE6E-4AE7-B03A-76150E058452}.Debug|x64.ActiveCfg = Debug|x64
		{CC479AAD-AE6E-4AE7-B03A-76150E058452}.Debug|x64.Build.0 = Debug|x64
		{CC479AAD-AE6E-4AE7-B03A-76150E058452}.Debug|x86.ActiveCfg = Debug|Win32
		{CC479AAD-AE6E-4AE7-B03A-76150E058452}.Debug|x86.Build.0 = Debug|Win32
		{CC479AAD-AE6E-4AE7-B03A-76150E058452}.Release|x64.ActiveCfg = Release|x64
		{CC479AAD-AE6E-4AE7-B03A-76150E058452}.Release|x64.Build.0 = Release|x64
		{CC479AAD-AE6E-4AE7-B03A-76150E058452}.Release|x86.ActiveCfg = Release|Win32
		{CC479AAD-AE6E-4AE7-B03A-76150E058452}.Release|x86.Build.0 = Release|Win32
	EndGlobalSection
	GlobalSection(SolutionProperties) = preSolution
		HideSolutionNode = FALSE
	EndGlobalSection
	GlobalSection(ExtensibilityGlobals) = postSolution
		SolutionGuid = {CE48EC1B-70A8-49B8-A97F-3738A2AC28FD}
	EndGlobalSection
EndGlobal
